# This file is automatically @generated by Cargo.
# It is not intended for manual editing.
version = 4

[[package]]
name = "simplevarlistgenerator"
version = "0.1.0"
dependencies = [
 "valkyrja",
]

[[package]]
name = "valkyrja"
version = "0.1.0"
source = "git+https://github.com/f0xb17/valkyrja.git#aa8f0f98c8b12f759e4af27fc9872d96d6e52c0a"
