# This file is automatically @generated by Cargo.
# It is not intended for manual editing.
version = 4

[[package]]
name = "simplevarlistgenerator"
version = "0.1.0"
dependencies = [
 "valkyrja",
]

[[package]]
name = "valkyrja"
version = "0.1.0"
source = "git+https://github.com/f0xb17/valkyrja.git#13626a0ae523cb68c14aeea48aed377aad005c84"
